// !$*UTF8*$!
{
	archiveVersion = 1;
	classes = {
	};
	objectVersion = 55;
	objects = {

/* Begin PBXBuildFile section */
		6A2C74D42860A58E0076AAE5 /* AppDelegate.swift in Sources */ = {isa = PBXBuildFile; fileRef = 6A2C74D32860A58E0076AAE5 /* AppDelegate.swift */; };
		6A2C74D62860A58E0076AAE5 /* SceneDelegate.swift in Sources */ = {isa = PBXBuildFile; fileRef = 6A2C74D52860A58E0076AAE5 /* SceneDelegate.swift */; };
		6A2C74D82860A58E0076AAE5 /* ViewController.swift in Sources */ = {isa = PBXBuildFile; fileRef = 6A2C74D72860A58E0076AAE5 /* ViewController.swift */; };
		6A2C74DB2860A58E0076AAE5 /* Main.storyboard in Resources */ = {isa = PBXBuildFile; fileRef = 6A2C74D92860A58E0076AAE5 /* Main.storyboard */; };
		6A2C74DD2860A5900076AAE5 /* Assets.xcassets in Resources */ = {isa = PBXBuildFile; fileRef = 6A2C74DC2860A5900076AAE5 /* Assets.xcassets */; };
		6A2C74E02860A5900076AAE5 /* LaunchScreen.storyboard in Resources */ = {isa = PBXBuildFile; fileRef = 6A2C74DE2860A5900076AAE5 /* LaunchScreen.storyboard */; };
		6A2C75192862BAB70076AAE5 /* DetailViewController.swift in Sources */ = {isa = PBXBuildFile; fileRef = 6A2C75172862BAB70076AAE5 /* DetailViewController.swift */; };
		6A2C751A2862BAB70076AAE5 /* DetailViewController.xib in Resources */ = {isa = PBXBuildFile; fileRef = 6A2C75182862BAB70076AAE5 /* DetailViewController.xib */; };
		6AE7626F2864A17A00C1F749 /* ActivitiesViewController.swift in Sources */ = {isa = PBXBuildFile; fileRef = 6AE7626D2864A17A00C1F749 /* ActivitiesViewController.swift */; };
		6AE762702864A17A00C1F749 /* ActivitiesViewController.xib in Resources */ = {isa = PBXBuildFile; fileRef = 6AE7626E2864A17A00C1F749 /* ActivitiesViewController.xib */; };
		6AE762752864E14900C1F749 /* CategoryViewController.swift in Sources */ = {isa = PBXBuildFile; fileRef = 6AE762732864E14900C1F749 /* CategoryViewController.swift */; };
		6AE762762864E14900C1F749 /* CategoryViewController.xib in Resources */ = {isa = PBXBuildFile; fileRef = 6AE762742864E14900C1F749 /* CategoryViewController.xib */; };
		6AE7627A2865148300C1F749 /* Category.swift in Sources */ = {isa = PBXBuildFile; fileRef = 6AE762792865148300C1F749 /* Category.swift */; };
		6AE7627E2865258900C1F749 /* CategoryService.swift in Sources */ = {isa = PBXBuildFile; fileRef = 6AE7627D2865258900C1F749 /* CategoryService.swift */; };
		92E58B2651265723E169C375 /* Pods_IntegradorIOS.framework in Frameworks */ = {isa = PBXBuildFile; fileRef = EDB3B79A6E16B115D1099A04 /* Pods_IntegradorIOS.framework */; };
/* End PBXBuildFile section */

/* Begin PBXFileReference section */
		3A65A82700AC2CFAE3774CDB /* Pods-IntegradorIOS.release.xcconfig */ = {isa = PBXFileReference; includeInIndex = 1; lastKnownFileType = text.xcconfig; name = "Pods-IntegradorIOS.release.xcconfig"; path = "Target Support Files/Pods-IntegradorIOS/Pods-IntegradorIOS.release.xcconfig"; sourceTree = "<group>"; };
		6A2C74D02860A58E0076AAE5 /* IntegradorIOS.app */ = {isa = PBXFileReference; explicitFileType = wrapper.application; includeInIndex = 0; path = IntegradorIOS.app; sourceTree = BUILT_PRODUCTS_DIR; };
		6A2C74D32860A58E0076AAE5 /* AppDelegate.swift */ = {isa = PBXFileReference; lastKnownFileType = sourcecode.swift; path = AppDelegate.swift; sourceTree = "<group>"; };
		6A2C74D52860A58E0076AAE5 /* SceneDelegate.swift */ = {isa = PBXFileReference; lastKnownFileType = sourcecode.swift; path = SceneDelegate.swift; sourceTree = "<group>"; };
		6A2C74D72860A58E0076AAE5 /* ViewController.swift */ = {isa = PBXFileReference; lastKnownFileType = sourcecode.swift; path = ViewController.swift; sourceTree = "<group>"; };
		6A2C74DA2860A58E0076AAE5 /* Base */ = {isa = PBXFileReference; lastKnownFileType = file.storyboard; name = Base; path = Base.lproj/Main.storyboard; sourceTree = "<group>"; };
		6A2C74DC2860A5900076AAE5 /* Assets.xcassets */ = {isa = PBXFileReference; lastKnownFileType = folder.assetcatalog; path = Assets.xcassets; sourceTree = "<group>"; };
		6A2C74DF2860A5900076AAE5 /* Base */ = {isa = PBXFileReference; lastKnownFileType = file.storyboard; name = Base; path = Base.lproj/LaunchScreen.storyboard; sourceTree = "<group>"; };
		6A2C74E12860A5900076AAE5 /* Info.plist */ = {isa = PBXFileReference; lastKnownFileType = text.plist.xml; path = Info.plist; sourceTree = "<group>"; };
		6A2C75172862BAB70076AAE5 /* DetailViewController.swift */ = {isa = PBXFileReference; lastKnownFileType = sourcecode.swift; path = DetailViewController.swift; sourceTree = "<group>"; };
		6A2C75182862BAB70076AAE5 /* DetailViewController.xib */ = {isa = PBXFileReference; lastKnownFileType = file.xib; path = DetailViewController.xib; sourceTree = "<group>"; };
		6AE7626D2864A17A00C1F749 /* ActivitiesViewController.swift */ = {isa = PBXFileReference; lastKnownFileType = sourcecode.swift; path = ActivitiesViewController.swift; sourceTree = "<group>"; };
		6AE7626E2864A17A00C1F749 /* ActivitiesViewController.xib */ = {isa = PBXFileReference; lastKnownFileType = file.xib; path = ActivitiesViewController.xib; sourceTree = "<group>"; };
		6AE762732864E14900C1F749 /* CategoryViewController.swift */ = {isa = PBXFileReference; lastKnownFileType = sourcecode.swift; path = CategoryViewController.swift; sourceTree = "<group>"; };
		6AE762742864E14900C1F749 /* CategoryViewController.xib */ = {isa = PBXFileReference; lastKnownFileType = file.xib; path = CategoryViewController.xib; sourceTree = "<group>"; };
		6AE762792865148300C1F749 /* Category.swift */ = {isa = PBXFileReference; lastKnownFileType = sourcecode.swift; path = Category.swift; sourceTree = "<group>"; };
		6AE7627D2865258900C1F749 /* CategoryService.swift */ = {isa = PBXFileReference; lastKnownFileType = sourcecode.swift; path = CategoryService.swift; sourceTree = "<group>"; };
		DC1D0A2CB6FEA9D56ACA6963 /* Pods-IntegradorIOS.debug.xcconfig */ = {isa = PBXFileReference; includeInIndex = 1; lastKnownFileType = text.xcconfig; name = "Pods-IntegradorIOS.debug.xcconfig"; path = "Target Support Files/Pods-IntegradorIOS/Pods-IntegradorIOS.debug.xcconfig"; sourceTree = "<group>"; };
		EDB3B79A6E16B115D1099A04 /* Pods_IntegradorIOS.framework */ = {isa = PBXFileReference; explicitFileType = wrapper.framework; includeInIndex = 0; path = Pods_IntegradorIOS.framework; sourceTree = BUILT_PRODUCTS_DIR; };
/* End PBXFileReference section */

/* Begin PBXFrameworksBuildPhase section */
		6A2C74CD2860A58E0076AAE5 /* Frameworks */ = {
			isa = PBXFrameworksBuildPhase;
			buildActionMask = 2147483647;
			files = (
				92E58B2651265723E169C375 /* Pods_IntegradorIOS.framework in Frameworks */,
			);
			runOnlyForDeploymentPostprocessing = 0;
		};
/* End PBXFrameworksBuildPhase section */

/* Begin PBXGroup section */
		6A2C74C72860A58E0076AAE5 = {
			isa = PBXGroup;
			children = (
				6A2C74D22860A58E0076AAE5 /* IntegradorIOS */,
				6A2C74D12860A58E0076AAE5 /* Products */,
				EB2B6D330E2974B3D7166BF2 /* Pods */,
				CC683CAF64E5108AF61AA055 /* Frameworks */,
			);
			sourceTree = "<group>";
		};
		6A2C74D12860A58E0076AAE5 /* Products */ = {
			isa = PBXGroup;
			children = (
				6A2C74D02860A58E0076AAE5 /* IntegradorIOS.app */,
			);
			name = Products;
			sourceTree = "<group>";
		};
		6A2C74D22860A58E0076AAE5 /* IntegradorIOS */ = {
			isa = PBXGroup;
			children = (
				6AE762712864D4CF00C1F749 /* Delegate */,
				6AE7626C28649C2900C1F749 /* Model */,
				6A2C751C28634D6D0076AAE5 /* Controller */,
				6A2C751B28634D570076AAE5 /* View */,
				6A2C74DC2860A5900076AAE5 /* Assets.xcassets */,
				6A2C74E12860A5900076AAE5 /* Info.plist */,
			);
			path = IntegradorIOS;
			sourceTree = "<group>";
		};
		6A2C751B28634D570076AAE5 /* View */ = {
			isa = PBXGroup;
			children = (
				6AE762722864D4DF00C1F749 /* LaunchScreen */,
				6A2C75182862BAB70076AAE5 /* DetailViewController.xib */,
				6A2C74D92860A58E0076AAE5 /* Main.storyboard */,
				6AE7626E2864A17A00C1F749 /* ActivitiesViewController.xib */,
				6AE762742864E14900C1F749 /* CategoryViewController.xib */,
			);
			path = View;
			sourceTree = "<group>";
		};
		6A2C751C28634D6D0076AAE5 /* Controller */ = {
			isa = PBXGroup;
			children = (
				6AE762732864E14900C1F749 /* CategoryViewController.swift */,
				6AE7626D2864A17A00C1F749 /* ActivitiesViewController.swift */,
				6A2C75172862BAB70076AAE5 /* DetailViewController.swift */,
				6A2C74D72860A58E0076AAE5 /* ViewController.swift */,
			);
			path = Controller;
			sourceTree = "<group>";
		};
		6AE7626C28649C2900C1F749 /* Model */ = {
			isa = PBXGroup;
			children = (
				6AE762792865148300C1F749 /* Category.swift */,
				6AE7627D2865258900C1F749 /* CategoryService.swift */,
			);
			path = Model;
			sourceTree = "<group>";
		};
		6AE762712864D4CF00C1F749 /* Delegate */ = {
			isa = PBXGroup;
			children = (
				6A2C74D32860A58E0076AAE5 /* AppDelegate.swift */,
				6A2C74D52860A58E0076AAE5 /* SceneDelegate.swift */,
			);
			path = Delegate;
			sourceTree = "<group>";
		};
		6AE762722864D4DF00C1F749 /* LaunchScreen */ = {
			isa = PBXGroup;
			children = (
				6A2C74DE2860A5900076AAE5 /* LaunchScreen.storyboard */,
			);
			path = LaunchScreen;
			sourceTree = "<group>";
		};
		CC683CAF64E5108AF61AA055 /* Frameworks */ = {
			isa = PBXGroup;
			children = (
				EDB3B79A6E16B115D1099A04 /* Pods_IntegradorIOS.framework */,
			);
			name = Frameworks;
			sourceTree = "<group>";
		};
		EB2B6D330E2974B3D7166BF2 /* Pods */ = {
			isa = PBXGroup;
			children = (
				DC1D0A2CB6FEA9D56ACA6963 /* Pods-IntegradorIOS.debug.xcconfig */,
				3A65A82700AC2CFAE3774CDB /* Pods-IntegradorIOS.release.xcconfig */,
			);
			path = Pods;
			sourceTree = "<group>";
		};
/* End PBXGroup section */

/* Begin PBXNativeTarget section */
		6A2C74CF2860A58E0076AAE5 /* IntegradorIOS */ = {
			isa = PBXNativeTarget;
			buildConfigurationList = 6A2C74E42860A5900076AAE5 /* Build configuration list for PBXNativeTarget "IntegradorIOS" */;
			buildPhases = (
				4B0176518C85AE2661CBDC9F /* [CP] Check Pods Manifest.lock */,
				6A2C74CC2860A58E0076AAE5 /* Sources */,
				6A2C74CD2860A58E0076AAE5 /* Frameworks */,
				6A2C74CE2860A58E0076AAE5 /* Resources */,
				F95189613A6D722D469D3AF6 /* [CP] Embed Pods Frameworks */,
			);
			buildRules = (
			);
			dependencies = (
			);
			name = IntegradorIOS;
			productName = IntegradorIOS;
			productReference = 6A2C74D02860A58E0076AAE5 /* IntegradorIOS.app */;
			productType = "com.apple.product-type.application";
		};
/* End PBXNativeTarget section */

/* Begin PBXProject section */
		6A2C74C82860A58E0076AAE5 /* Project object */ = {
			isa = PBXProject;
			attributes = {
				BuildIndependentTargetsInParallel = 1;
				LastSwiftUpdateCheck = 1340;
				LastUpgradeCheck = 1340;
				TargetAttributes = {
					6A2C74CF2860A58E0076AAE5 = {
						CreatedOnToolsVersion = 13.4.1;
					};
				};
			};
			buildConfigurationList = 6A2C74CB2860A58E0076AAE5 /* Build configuration list for PBXProject "IntegradorIOS" */;
			compatibilityVersion = "Xcode 13.0";
			developmentRegion = en;
			hasScannedForEncodings = 0;
			knownRegions = (
				en,
				Base,
			);
			mainGroup = 6A2C74C72860A58E0076AAE5;
			productRefGroup = 6A2C74D12860A58E0076AAE5 /* Products */;
			projectDirPath = "";
			projectRoot = "";
			targets = (
				6A2C74CF2860A58E0076AAE5 /* IntegradorIOS */,
			);
		};
/* End PBXProject section */

/* Begin PBXResourcesBuildPhase section */
		6A2C74CE2860A58E0076AAE5 /* Resources */ = {
			isa = PBXResourcesBuildPhase;
			buildActionMask = 2147483647;
			files = (
				6A2C74E02860A5900076AAE5 /* LaunchScreen.storyboard in Resources */,
				6A2C74DD2860A5900076AAE5 /* Assets.xcassets in Resources */,
				6AE762762864E14900C1F749 /* CategoryViewController.xib in Resources */,
				6A2C74DB2860A58E0076AAE5 /* Main.storyboard in Resources */,
				6A2C751A2862BAB70076AAE5 /* DetailViewController.xib in Resources */,
				6AE762702864A17A00C1F749 /* ActivitiesViewController.xib in Resources */,
			);
			runOnlyForDeploymentPostprocessing = 0;
		};
/* End PBXResourcesBuildPhase section */

/* Begin PBXShellScriptBuildPhase section */
		4B0176518C85AE2661CBDC9F /* [CP] Check Pods Manifest.lock */ = {
			isa = PBXShellScriptBuildPhase;
			buildActionMask = 2147483647;
			files = (
			);
			inputFileListPaths = (
			);
			inputPaths = (
				"${PODS_PODFILE_DIR_PATH}/Podfile.lock",
				"${PODS_ROOT}/Manifest.lock",
			);
			name = "[CP] Check Pods Manifest.lock";
			outputFileListPaths = (
			);
			outputPaths = (
				"$(DERIVED_FILE_DIR)/Pods-IntegradorIOS-checkManifestLockResult.txt",
			);
			runOnlyForDeploymentPostprocessing = 0;
			shellPath = /bin/sh;
			shellScript = "diff \"${PODS_PODFILE_DIR_PATH}/Podfile.lock\" \"${PODS_ROOT}/Manifest.lock\" > /dev/null\nif [ $? != 0 ] ; then\n    # print error to STDERR\n    echo \"error: The sandbox is not in sync with the Podfile.lock. Run 'pod install' or update your CocoaPods installation.\" >&2\n    exit 1\nfi\n# This output is used by Xcode 'outputs' to avoid re-running this script phase.\necho \"SUCCESS\" > \"${SCRIPT_OUTPUT_FILE_0}\"\n";
			showEnvVarsInLog = 0;
		};
		F95189613A6D722D469D3AF6 /* [CP] Embed Pods Frameworks */ = {
			isa = PBXShellScriptBuildPhase;
			buildActionMask = 2147483647;
			files = (
			);
			inputFileListPaths = (
				"${PODS_ROOT}/Target Support Files/Pods-IntegradorIOS/Pods-IntegradorIOS-frameworks-${CONFIGURATION}-input-files.xcfilelist",
			);
			name = "[CP] Embed Pods Frameworks";
			outputFileListPaths = (
				"${PODS_ROOT}/Target Support Files/Pods-IntegradorIOS/Pods-IntegradorIOS-frameworks-${CONFIGURATION}-output-files.xcfilelist",
			);
			runOnlyForDeploymentPostprocessing = 0;
			shellPath = /bin/sh;
			shellScript = "\"${PODS_ROOT}/Target Support Files/Pods-IntegradorIOS/Pods-IntegradorIOS-frameworks.sh\"\n";
			showEnvVarsInLog = 0;
		};
/* End PBXShellScriptBuildPhase section */

/* Begin PBXSourcesBuildPhase section */
		6A2C74CC2860A58E0076AAE5 /* Sources */ = {
			isa = PBXSourcesBuildPhase;
			buildActionMask = 2147483647;
			files = (
				6A2C74D82860A58E0076AAE5 /* ViewController.swift in Sources */,
				6AE7626F2864A17A00C1F749 /* ActivitiesViewController.swift in Sources */,
				6A2C74D42860A58E0076AAE5 /* AppDelegate.swift in Sources */,
				6A2C74D62860A58E0076AAE5 /* SceneDelegate.swift in Sources */,
				6AE762752864E14900C1F749 /* CategoryViewController.swift in Sources */,
				6A2C75192862BAB70076AAE5 /* DetailViewController.swift in Sources */,
				6AE7627A2865148300C1F749 /* Category.swift in Sources */,
				6AE7627E2865258900C1F749 /* CategoryService.swift in Sources */,
			);
			runOnlyForDeploymentPostprocessing = 0;
		};
/* End PBXSourcesBuildPhase section */

/* Begin PBXVariantGroup section */
		6A2C74D92860A58E0076AAE5 /* Main.storyboard */ = {
			isa = PBXVariantGroup;
			children = (
				6A2C74DA2860A58E0076AAE5 /* Base */,
			);
			name = Main.storyboard;
			sourceTree = "<group>";
		};
		6A2C74DE2860A5900076AAE5 /* LaunchScreen.storyboard */ = {
			isa = PBXVariantGroup;
			children = (
				6A2C74DF2860A5900076AAE5 /* Base */,
			);
			name = LaunchScreen.storyboard;
			sourceTree = "<group>";
		};
/* End PBXVariantGroup section */

/* Begin XCBuildConfiguration section */
		6A2C74E22860A5900076AAE5 /* Debug */ = {
			isa = XCBuildConfiguration;
			buildSettings = {
				ALWAYS_SEARCH_USER_PATHS = NO;
				CLANG_ANALYZER_NONNULL = YES;
				CLANG_ANALYZER_NUMBER_OBJECT_CONVERSION = YES_AGGRESSIVE;
				CLANG_CXX_LANGUAGE_STANDARD = "gnu++17";
				CLANG_ENABLE_MODULES = YES;
				CLANG_ENABLE_OBJC_ARC = YES;
				CLANG_ENABLE_OBJC_WEAK = YES;
				CLANG_WARN_BLOCK_CAPTURE_AUTORELEASING = YES;
				CLANG_WARN_BOOL_CONVERSION = YES;
				CLANG_WARN_COMMA = YES;
				CLANG_WARN_CONSTANT_CONVERSION = YES;
				CLANG_WARN_DEPRECATED_OBJC_IMPLEMENTATIONS = YES;
				CLANG_WARN_DIRECT_OBJC_ISA_USAGE = YES_ERROR;
				CLANG_WARN_DOCUMENTATION_COMMENTS = YES;
				CLANG_WARN_EMPTY_BODY = YES;
				CLANG_WARN_ENUM_CONVERSION = YES;
				CLANG_WARN_INFINITE_RECURSION = YES;
				CLANG_WARN_INT_CONVERSION = YES;
				CLANG_WARN_NON_LITERAL_NULL_CONVERSION = YES;
				CLANG_WARN_OBJC_IMPLICIT_RETAIN_SELF = YES;
				CLANG_WARN_OBJC_LITERAL_CONVERSION = YES;
				CLANG_WARN_OBJC_ROOT_CLASS = YES_ERROR;
				CLANG_WARN_QUOTED_INCLUDE_IN_FRAMEWORK_HEADER = YES;
				CLANG_WARN_RANGE_LOOP_ANALYSIS = YES;
				CLANG_WARN_STRICT_PROTOTYPES = YES;
				CLANG_WARN_SUSPICIOUS_MOVE = YES;
				CLANG_WARN_UNGUARDED_AVAILABILITY = YES_AGGRESSIVE;
				CLANG_WARN_UNREACHABLE_CODE = YES;
				CLANG_WARN__DUPLICATE_METHOD_MATCH = YES;
				COPY_PHASE_STRIP = NO;
				DEBUG_INFORMATION_FORMAT = dwarf;
				ENABLE_STRICT_OBJC_MSGSEND = YES;
				ENABLE_TESTABILITY = YES;
				GCC_C_LANGUAGE_STANDARD = gnu11;
				GCC_DYNAMIC_NO_PIC = NO;
				GCC_NO_COMMON_BLOCKS = YES;
				GCC_OPTIMIZATION_LEVEL = 0;
				GCC_PREPROCESSOR_DEFINITIONS = (
					"DEBUG=1",
					"$(inherited)",
				);
				GCC_WARN_64_TO_32_BIT_CONVERSION = YES;
				GCC_WARN_ABOUT_RETURN_TYPE = YES_ERROR;
				GCC_WARN_UNDECLARED_SELECTOR = YES;
				GCC_WARN_UNINITIALIZED_AUTOS = YES_AGGRESSIVE;
				GCC_WARN_UNUSED_FUNCTION = YES;
				GCC_WARN_UNUSED_VARIABLE = YES;
				IPHONEOS_DEPLOYMENT_TARGET = 15.5;
				MTL_ENABLE_DEBUG_INFO = INCLUDE_SOURCE;
				MTL_FAST_MATH = YES;
				ONLY_ACTIVE_ARCH = YES;
				SDKROOT = iphoneos;
				SWIFT_ACTIVE_COMPILATION_CONDITIONS = DEBUG;
				SWIFT_OPTIMIZATION_LEVEL = "-Onone";
			};
			name = Debug;
		};
		6A2C74E32860A5900076AAE5 /* Release */ = {
			isa = XCBuildConfiguration;
			buildSettings = {
				ALWAYS_SEARCH_USER_PATHS = NO;
				CLANG_ANALYZER_NONNULL = YES;
				CLANG_ANALYZER_NUMBER_OBJECT_CONVERSION = YES_AGGRESSIVE;
				CLANG_CXX_LANGUAGE_STANDARD = "gnu++17";
				CLANG_ENABLE_MODULES = YES;
				CLANG_ENABLE_OBJC_ARC = YES;
				CLANG_ENABLE_OBJC_WEAK = YES;
				CLANG_WARN_BLOCK_CAPTURE_AUTORELEASING = YES;
				CLANG_WARN_BOOL_CONVERSION = YES;
				CLANG_WARN_COMMA = YES;
				CLANG_WARN_CONSTANT_CONVERSION = YES;
				CLANG_WARN_DEPRECATED_OBJC_IMPLEMENTATIONS = YES;
				CLANG_WARN_DIRECT_OBJC_ISA_USAGE = YES_ERROR;
				CLANG_WARN_DOCUMENTATION_COMMENTS = YES;
				CLANG_WARN_EMPTY_BODY = YES;
				CLANG_WARN_ENUM_CONVERSION = YES;
				CLANG_WARN_INFINITE_RECURSION = YES;
				CLANG_WARN_INT_CONVERSION = YES;
				CLANG_WARN_NON_LITERAL_NULL_CONVERSION = YES;
				CLANG_WARN_OBJC_IMPLICIT_RETAIN_SELF = YES;
				CLANG_WARN_OBJC_LITERAL_CONVERSION = YES;
				CLANG_WARN_OBJC_ROOT_CLASS = YES_ERROR;
				CLANG_WARN_QUOTED_INCLUDE_IN_FRAMEWORK_HEADER = YES;
				CLANG_WARN_RANGE_LOOP_ANALYSIS = YES;
				CLANG_WARN_STRICT_PROTOTYPES = YES;
				CLANG_WARN_SUSPICIOUS_MOVE = YES;
				CLANG_WARN_UNGUARDED_AVAILABILITY = YES_AGGRESSIVE;
				CLANG_WARN_UNREACHABLE_CODE = YES;
				CLANG_WARN__DUPLICATE_METHOD_MATCH = YES;
				COPY_PHASE_STRIP = NO;
				DEBUG_INFORMATION_FORMAT = "dwarf-with-dsym";
				ENABLE_NS_ASSERTIONS = NO;
				ENABLE_STRICT_OBJC_MSGSEND = YES;
				GCC_C_LANGUAGE_STANDARD = gnu11;
				GCC_NO_COMMON_BLOCKS = YES;
				GCC_WARN_64_TO_32_BIT_CONVERSION = YES;
				GCC_WARN_ABOUT_RETURN_TYPE = YES_ERROR;
				GCC_WARN_UNDECLARED_SELECTOR = YES;
				GCC_WARN_UNINITIALIZED_AUTOS = YES_AGGRESSIVE;
				GCC_WARN_UNUSED_FUNCTION = YES;
				GCC_WARN_UNUSED_VARIABLE = YES;
				IPHONEOS_DEPLOYMENT_TARGET = 15.5;
				MTL_ENABLE_DEBUG_INFO = NO;
				MTL_FAST_MATH = YES;
				SDKROOT = iphoneos;
				SWIFT_COMPILATION_MODE = wholemodule;
				SWIFT_OPTIMIZATION_LEVEL = "-O";
				VALIDATE_PRODUCT = YES;
			};
			name = Release;
		};
		6A2C74E52860A5900076AAE5 /* Debug */ = {
			isa = XCBuildConfiguration;
			baseConfigurationReference = DC1D0A2CB6FEA9D56ACA6963 /* Pods-IntegradorIOS.debug.xcconfig */;
			buildSettings = {
				ASSETCATALOG_COMPILER_APPICON_NAME = AppIcon;
				ASSETCATALOG_COMPILER_GLOBAL_ACCENT_COLOR_NAME = AccentColor;
				CODE_SIGN_STYLE = Automatic;
				CURRENT_PROJECT_VERSION = 1;
				DEVELOPMENT_TEAM = UWRQMTWV65;
				GENERATE_INFOPLIST_FILE = YES;
				INFOPLIST_FILE = IntegradorIOS/Info.plist;
				INFOPLIST_KEY_UIApplicationSupportsIndirectInputEvents = YES;
				INFOPLIST_KEY_UILaunchStoryboardName = LaunchScreen;
				INFOPLIST_KEY_UIMainStoryboardFile = Main;
				INFOPLIST_KEY_UISupportedInterfaceOrientations_iPad = "UIInterfaceOrientationPortrait UIInterfaceOrientationPortraitUpsideDown UIInterfaceOrientationLandscapeLeft UIInterfaceOrientationLandscapeRight";
				INFOPLIST_KEY_UISupportedInterfaceOrientations_iPhone = "UIInterfaceOrientationPortrait UIInterfaceOrientationLandscapeLeft UIInterfaceOrientationLandscapeRight";
				LD_RUNPATH_SEARCH_PATHS = (
					"$(inherited)",
					"@executable_path/Frameworks",
				);
				MARKETING_VERSION = 1.0;
				PRODUCT_BUNDLE_IDENTIFIER = br.com.gustavomeli.IntegradorIOS;
				PRODUCT_NAME = "$(TARGET_NAME)";
				SWIFT_EMIT_LOC_STRINGS = YES;
				SWIFT_VERSION = 5.0;
				TARGETED_DEVICE_FAMILY = "1,2";
			};
			name = Debug;
		};
		6A2C74E62860A5900076AAE5 /* Release */ = {
			isa = XCBuildConfiguration;
			baseConfigurationReference = 3A65A82700AC2CFAE3774CDB /* Pods-IntegradorIOS.release.xcconfig */;
			buildSettings = {
				ASSETCATALOG_COMPILER_APPICON_NAME = AppIcon;
				ASSETCATALOG_COMPILER_GLOBAL_ACCENT_COLOR_NAME = AccentColor;
				CODE_SIGN_STYLE = Automatic;
				CURRENT_PROJECT_VERSION = 1;
				DEVELOPMENT_TEAM = UWRQMTWV65;
				GENERATE_INFOPLIST_FILE = YES;
				INFOPLIST_FILE = IntegradorIOS/Info.plist;
				INFOPLIST_KEY_UIApplicationSupportsIndirectInputEvents = YES;
				INFOPLIST_KEY_UILaunchStoryboardName = LaunchScreen;
				INFOPLIST_KEY_UIMainStoryboardFile = Main;
				INFOPLIST_KEY_UISupportedInterfaceOrientations_iPad = "UIInterfaceOrientationPortrait UIInterfaceOrientationPortraitUpsideDown UIInterfaceOrientationLandscapeLeft UIInterfaceOrientationLandscapeRight";
				INFOPLIST_KEY_UISupportedInterfaceOrientations_iPhone = "UIInterfaceOrientationPortrait UIInterfaceOrientationLandscapeLeft UIInterfaceOrientationLandscapeRight";
				LD_RUNPATH_SEARCH_PATHS = (
					"$(inherited)",
					"@executable_path/Frameworks",
				);
				MARKETING_VERSION = 1.0;
				PRODUCT_BUNDLE_IDENTIFIER = br.com.gustavomeli.IntegradorIOS;
				PRODUCT_NAME = "$(TARGET_NAME)";
				SWIFT_EMIT_LOC_STRINGS = YES;
				SWIFT_VERSION = 5.0;
				TARGETED_DEVICE_FAMILY = "1,2";
			};
			name = Release;
		};
/* End XCBuildConfiguration section */

/* Begin XCConfigurationList section */
		6A2C74CB2860A58E0076AAE5 /* Build configuration list for PBXProject "IntegradorIOS" */ = {
			isa = XCConfigurationList;
			buildConfigurations = (
				6A2C74E22860A5900076AAE5 /* Debug */,
				6A2C74E32860A5900076AAE5 /* Release */,
			);
			defaultConfigurationIsVisible = 0;
			defaultConfigurationName = Release;
		};
		6A2C74E42860A5900076AAE5 /* Build configuration list for PBXNativeTarget "IntegradorIOS" */ = {
			isa = XCConfigurationList;
			buildConfigurations = (
				6A2C74E52860A5900076AAE5 /* Debug */,
				6A2C74E62860A5900076AAE5 /* Release */,
			);
			defaultConfigurationIsVisible = 0;
			defaultConfigurationName = Release;
		};
/* End XCConfigurationList section */
	};
	rootObject = 6A2C74C82860A58E0076AAE5 /* Project object */;
}
